// !$*UTF8*$!
{
	archiveVersion = 1;
	classes = {
	};
	objectVersion = 46;
	objects = {

/* Begin PBXBuildFile section */
		962745641DA6956D0035594A /* demo.gif in Resources */ = {isa = PBXBuildFile; fileRef = 962745631DA6956D0035594A /* demo.gif */; };
		965325071D90D2D900C31757 /* main.m in Sources */ = {isa = PBXBuildFile; fileRef = 965325061D90D2D900C31757 /* main.m */; };
		9653250A1D90D2D900C31757 /* AppDelegate.m in Sources */ = {isa = PBXBuildFile; fileRef = 965325091D90D2D900C31757 /* AppDelegate.m */; };
		9653250D1D90D2D900C31757 /* ViewController.m in Sources */ = {isa = PBXBuildFile; fileRef = 9653250C1D90D2D900C31757 /* ViewController.m */; };
		965325101D90D2D900C31757 /* Main.storyboard in Resources */ = {isa = PBXBuildFile; fileRef = 9653250E1D90D2D900C31757 /* Main.storyboard */; };
		965325121D90D2D900C31757 /* Assets.xcassets in Resources */ = {isa = PBXBuildFile; fileRef = 965325111D90D2D900C31757 /* Assets.xcassets */; };
		965325151D90D2D900C31757 /* LaunchScreen.storyboard in Resources */ = {isa = PBXBuildFile; fileRef = 965325131D90D2D900C31757 /* LaunchScreen.storyboard */; };
		965325231D90D32300C31757 /* TTCollectionViewLayout.m in Sources */ = {isa = PBXBuildFile; fileRef = 9653251E1D90D32300C31757 /* TTCollectionViewLayout.m */; };
		965325241D90D32300C31757 /* TTTopCollectionView.m in Sources */ = {isa = PBXBuildFile; fileRef = 965325201D90D32300C31757 /* TTTopCollectionView.m */; };
		965325251D90D32300C31757 /* TTTransationView.m in Sources */ = {isa = PBXBuildFile; fileRef = 965325221D90D32300C31757 /* TTTransationView.m */; };
		965325281D90D43900C31757 /* TTImageCell.m in Sources */ = {isa = PBXBuildFile; fileRef = 965325271D90D43900C31757 /* TTImageCell.m */; };
		9653252A1D90D44D00C31757 /* TTImageCell.xib in Resources */ = {isa = PBXBuildFile; fileRef = 965325291D90D44D00C31757 /* TTImageCell.xib */; };
		9653252D1D90D7F700C31757 /* TTTextCell.m in Sources */ = {isa = PBXBuildFile; fileRef = 9653252C1D90D7F700C31757 /* TTTextCell.m */; };
		9653252F1D90D80500C31757 /* TTTextCell.xib in Resources */ = {isa = PBXBuildFile; fileRef = 9653252E1D90D80500C31757 /* TTTextCell.xib */; };
/* End PBXBuildFile section */

/* Begin PBXFileReference section */
		962745631DA6956D0035594A /* demo.gif */ = {isa = PBXFileReference; lastKnownFileType = image.gif; path = demo.gif; sourceTree = "<group>"; };
		965325021D90D2D900C31757 /* TTTransationView.app */ = {isa = PBXFileReference; explicitFileType = wrapper.application; includeInIndex = 0; path = TTTransationView.app; sourceTree = BUILT_PRODUCTS_DIR; };
		965325061D90D2D900C31757 /* main.m */ = {isa = PBXFileReference; lastKnownFileType = sourcecode.c.objc; path = main.m; sourceTree = "<group>"; };
		965325081D90D2D900C31757 /* AppDelegate.h */ = {isa = PBXFileReference; lastKnownFileType = sourcecode.c.h; path = AppDelegate.h; sourceTree = "<group>"; };
		965325091D90D2D900C31757 /* AppDelegate.m */ = {isa = PBXFileReference; lastKnownFileType = sourcecode.c.objc; path = AppDelegate.m; sourceTree = "<group>"; };
		9653250B1D90D2D900C31757 /* ViewController.h */ = {isa = PBXFileReference; lastKnownFileType = sourcecode.c.h; path = ViewController.h; sourceTree = "<group>"; };
		9653250C1D90D2D900C31757 /* ViewController.m */ = {isa = PBXFileReference; lastKnownFileType = sourcecode.c.objc; path = ViewController.m; sourceTree = "<group>"; };
		9653250F1D90D2D900C31757 /* Base */ = {isa = PBXFileReference; lastKnownFileType = file.storyboard; name = Base; path = Base.lproj/Main.storyboard; sourceTree = "<group>"; };
		965325111D90D2D900C31757 /* Assets.xcassets */ = {isa = PBXFileReference; lastKnownFileType = folder.assetcatalog; path = Assets.xcassets; sourceTree = "<group>"; };
		965325141D90D2D900C31757 /* Base */ = {isa = PBXFileReference; lastKnownFileType = file.storyboard; name = Base; path = Base.lproj/LaunchScreen.storyboard; sourceTree = "<group>"; };
		965325161D90D2D900C31757 /* Info.plist */ = {isa = PBXFileReference; lastKnownFileType = text.plist.xml; path = Info.plist; sourceTree = "<group>"; };
		9653251D1D90D32300C31757 /* TTCollectionViewLayout.h */ = {isa = PBXFileReference; fileEncoding = 4; lastKnownFileType = sourcecode.c.h; path = TTCollectionViewLayout.h; sourceTree = "<group>"; };
		9653251E1D90D32300C31757 /* TTCollectionViewLayout.m */ = {isa = PBXFileReference; fileEncoding = 4; lastKnownFileType = sourcecode.c.objc; path = TTCollectionViewLayout.m; sourceTree = "<group>"; };
		9653251F1D90D32300C31757 /* TTTopCollectionView.h */ = {isa = PBXFileReference; fileEncoding = 4; lastKnownFileType = sourcecode.c.h; path = TTTopCollectionView.h; sourceTree = "<group>"; };
		965325201D90D32300C31757 /* TTTopCollectionView.m */ = {isa = PBXFileReference; fileEncoding = 4; lastKnownFileType = sourcecode.c.objc; path = TTTopCollectionView.m; sourceTree = "<group>"; };
		965325211D90D32300C31757 /* TTTransationView.h */ = {isa = PBXFileReference; fileEncoding = 4; lastKnownFileType = sourcecode.c.h; path = TTTransationView.h; sourceTree = "<group>"; };
		965325221D90D32300C31757 /* TTTransationView.m */ = {isa = PBXFileReference; fileEncoding = 4; lastKnownFileType = sourcecode.c.objc; path = TTTransationView.m; sourceTree = "<group>"; };
		965325261D90D43900C31757 /* TTImageCell.h */ = {isa = PBXFileReference; fileEncoding = 4; lastKnownFileType = sourcecode.c.h; path = TTImageCell.h; sourceTree = "<group>"; };
		965325271D90D43900C31757 /* TTImageCell.m */ = {isa = PBXFileReference; fileEncoding = 4; lastKnownFileType = sourcecode.c.objc; path = TTImageCell.m; sourceTree = "<group>"; };
		965325291D90D44D00C31757 /* TTImageCell.xib */ = {isa = PBXFileReference; fileEncoding = 4; lastKnownFileType = file.xib; path = TTImageCell.xib; sourceTree = "<group>"; };
		9653252B1D90D7F700C31757 /* TTTextCell.h */ = {isa = PBXFileReference; fileEncoding = 4; lastKnownFileType = sourcecode.c.h; path = TTTextCell.h; sourceTree = "<group>"; };
		9653252C1D90D7F700C31757 /* TTTextCell.m */ = {isa = PBXFileReference; fileEncoding = 4; lastKnownFileType = sourcecode.c.objc; path = TTTextCell.m; sourceTree = "<group>"; };
		9653252E1D90D80500C31757 /* TTTextCell.xib */ = {isa = PBXFileReference; fileEncoding = 4; lastKnownFileType = file.xib; path = TTTextCell.xib; sourceTree = "<group>"; };
/* End PBXFileReference section */

/* Begin PBXFrameworksBuildPhase section */
		965324FF1D90D2D900C31757 /* Frameworks */ = {
			isa = PBXFrameworksBuildPhase;
			buildActionMask = 2147483647;
			files = (
			);
			runOnlyForDeploymentPostprocessing = 0;
		};
/* End PBXFrameworksBuildPhase section */

/* Begin PBXGroup section */
		965324F91D90D2D900C31757 = {
			isa = PBXGroup;
			children = (
				965325041D90D2D900C31757 /* TTTransationView */,
				965325031D90D2D900C31757 /* Products */,
			);
			sourceTree = "<group>";
		};
		965325031D90D2D900C31757 /* Products */ = {
			isa = PBXGroup;
			children = (
				965325021D90D2D900C31757 /* TTTransationView.app */,
			);
			name = Products;
			sourceTree = "<group>";
		};
		965325041D90D2D900C31757 /* TTTransationView */ = {
			isa = PBXGroup;
			children = (
				965325081D90D2D900C31757 /* AppDelegate.h */,
				965325091D90D2D900C31757 /* AppDelegate.m */,
				9653250B1D90D2D900C31757 /* ViewController.h */,
				9653250C1D90D2D900C31757 /* ViewController.m */,
				965325261D90D43900C31757 /* TTImageCell.h */,
				965325271D90D43900C31757 /* TTImageCell.m */,
				965325291D90D44D00C31757 /* TTImageCell.xib */,
				9653252B1D90D7F700C31757 /* TTTextCell.h */,
				9653252C1D90D7F700C31757 /* TTTextCell.m */,
				9653252E1D90D80500C31757 /* TTTextCell.xib */,
				9653250E1D90D2D900C31757 /* Main.storyboard */,
				965325111D90D2D900C31757 /* Assets.xcassets */,
				965325131D90D2D900C31757 /* LaunchScreen.storyboard */,
				965325161D90D2D900C31757 /* Info.plist */,
				9653251C1D90D32300C31757 /* TTTransationView */,
				965325051D90D2D900C31757 /* Supporting Files */,
			);
			path = TTTransationView;
			sourceTree = "<group>";
		};
		965325051D90D2D900C31757 /* Supporting Files */ = {
			isa = PBXGroup;
			children = (
				962745631DA6956D0035594A /* demo.gif */,
				965325061D90D2D900C31757 /* main.m */,
			);
			name = "Supporting Files";
			sourceTree = "<group>";
		};
		9653251C1D90D32300C31757 /* TTTransationView */ = {
			isa = PBXGroup;
			children = (
				965325211D90D32300C31757 /* TTTransationView.h */,
				965325221D90D32300C31757 /* TTTransationView.m */,
				9653251F1D90D32300C31757 /* TTTopCollectionView.h */,
				965325201D90D32300C31757 /* TTTopCollectionView.m */,
				9653251D1D90D32300C31757 /* TTCollectionViewLayout.h */,
				9653251E1D90D32300C31757 /* TTCollectionViewLayout.m */,
			);
			path = TTTransationView;
			sourceTree = "<group>";
		};
/* End PBXGroup section */

/* Begin PBXNativeTarget section */
		965325011D90D2D900C31757 /* TTTransationView */ = {
			isa = PBXNativeTarget;
			buildConfigurationList = 965325191D90D2D900C31757 /* Build configuration list for PBXNativeTarget "TTTransationView" */;
			buildPhases = (
				965324FE1D90D2D900C31757 /* Sources */,
				965324FF1D90D2D900C31757 /* Frameworks */,
				965325001D90D2D900C31757 /* Resources */,
			);
			buildRules = (
			);
			dependencies = (
			);
			name = TTTransationView;
			productName = TTTransationView;
			productReference = 965325021D90D2D900C31757 /* TTTransationView.app */;
			productType = "com.apple.product-type.application";
		};
/* End PBXNativeTarget section */

/* Begin PBXProject section */
		965324FA1D90D2D900C31757 /* Project object */ = {
			isa = PBXProject;
			attributes = {
				LastUpgradeCheck = 0800;
				ORGANIZATIONNAME = TT;
				TargetAttributes = {
					965325011D90D2D900C31757 = {
						CreatedOnToolsVersion = 7.3.1;
						DevelopmentTeam = 2D4G4343X5;
						ProvisioningStyle = Manual;
					};
				};
			};
			buildConfigurationList = 965324FD1D90D2D900C31757 /* Build configuration list for PBXProject "TTTransationView" */;
			compatibilityVersion = "Xcode 3.2";
			developmentRegion = English;
			hasScannedForEncodings = 0;
			knownRegions = (
				en,
				Base,
			);
			mainGroup = 965324F91D90D2D900C31757;
			productRefGroup = 965325031D90D2D900C31757 /* Products */;
			projectDirPath = "";
			projectRoot = "";
			targets = (
				965325011D90D2D900C31757 /* TTTransationView */,
			);
		};
/* End PBXProject section */

/* Begin PBXResourcesBuildPhase section */
		965325001D90D2D900C31757 /* Resources */ = {
			isa = PBXResourcesBuildPhase;
			buildActionMask = 2147483647;
			files = (
				965325151D90D2D900C31757 /* LaunchScreen.storyboard in Resources */,
				962745641DA6956D0035594A /* demo.gif in Resources */,
				965325121D90D2D900C31757 /* Assets.xcassets in Resources */,
				9653252F1D90D80500C31757 /* TTTextCell.xib in Resources */,
				965325101D90D2D900C31757 /* Main.storyboard in Resources */,
				9653252A1D90D44D00C31757 /* TTImageCell.xib in Resources */,
			);
			runOnlyForDeploymentPostprocessing = 0;
		};
/* End PBXResourcesBuildPhase section */

/* Begin PBXSourcesBuildPhase section */
		965324FE1D90D2D900C31757 /* Sources */ = {
			isa = PBXSourcesBuildPhase;
			buildActionMask = 2147483647;
			files = (
				965325231D90D32300C31757 /* TTCollectionViewLayout.m in Sources */,
				965325281D90D43900C31757 /* TTImageCell.m in Sources */,
				965325251D90D32300C31757 /* TTTransationView.m in Sources */,
				965325241D90D32300C31757 /* TTTopCollectionView.m in Sources */,
				9653252D1D90D7F700C31757 /* TTTextCell.m in Sources */,
				9653250D1D90D2D900C31757 /* ViewController.m in Sources */,
				9653250A1D90D2D900C31757 /* AppDelegate.m in Sources */,
				965325071D90D2D900C31757 /* main.m in Sources */,
			);
			runOnlyForDeploymentPostprocessing = 0;
		};
/* End PBXSourcesBuildPhase section */

/* Begin PBXVariantGroup section */
		9653250E1D90D2D900C31757 /* Main.storyboard */ = {
			isa = PBXVariantGroup;
			children = (
				9653250F1D90D2D900C31757 /* Base */,
			);
			name = Main.storyboard;
			sourceTree = "<group>";
		};
		965325131D90D2D900C31757 /* LaunchScreen.storyboard */ = {
			isa = PBXVariantGroup;
			children = (
				965325141D90D2D900C31757 /* Base */,
			);
			name = LaunchScreen.storyboard;
			sourceTree = "<group>";
		};
/* End PBXVariantGroup section */

/* Begin XCBuildConfiguration section */
		965325171D90D2D900C31757 /* Debug */ = {
			isa = XCBuildConfiguration;
			buildSettings = {
				ALWAYS_SEARCH_USER_PATHS = NO;
				CLANG_ANALYZER_NONNULL = YES;
				CLANG_CXX_LANGUAGE_STANDARD = "gnu++0x";
				CLANG_CXX_LIBRARY = "libc++";
				CLANG_ENABLE_MODULES = YES;
				CLANG_ENABLE_OBJC_ARC = YES;
				CLANG_WARN_BOOL_CONVERSION = YES;
				CLANG_WARN_CONSTANT_CONVERSION = YES;
				CLANG_WARN_DIRECT_OBJC_ISA_USAGE = YES_ERROR;
				CLANG_WARN_EMPTY_BODY = YES;
				CLANG_WARN_ENUM_CONVERSION = YES;
				CLANG_WARN_INFINITE_RECURSION = YES;
				CLANG_WARN_INT_CONVERSION = YES;
				CLANG_WARN_OBJC_ROOT_CLASS = YES_ERROR;
				CLANG_WARN_SUSPICIOUS_MOVE = YES;
				CLANG_WARN_UNREACHABLE_CODE = YES;
				CLANG_WARN__DUPLICATE_METHOD_MATCH = YES;
				"CODE_SIGN_IDENTITY[sdk=iphoneos*]" = "iPhone Developer";
				COPY_PHASE_STRIP = NO;
				DEBUG_INFORMATION_FORMAT = dwarf;
				ENABLE_STRICT_OBJC_MSGSEND = YES;
				ENABLE_TESTABILITY = YES;
				GCC_C_LANGUAGE_STANDARD = gnu99;
				GCC_DYNAMIC_NO_PIC = NO;
				GCC_NO_COMMON_BLOCKS = YES;
				GCC_OPTIMIZATION_LEVEL = 0;
				GCC_PREPROCESSOR_DEFINITIONS = (
					"DEBUG=1",
					"$(inherited)",
				);
				GCC_WARN_64_TO_32_BIT_CONVERSION = YES;
				GCC_WARN_ABOUT_RETURN_TYPE = YES_ERROR;
				GCC_WARN_UNDECLARED_SELECTOR = YES;
				GCC_WARN_UNINITIALIZED_AUTOS = YES_AGGRESSIVE;
				GCC_WARN_UNUSED_FUNCTION = YES;
				GCC_WARN_UNUSED_VARIABLE = YES;
				IPHONEOS_DEPLOYMENT_TARGET = 10.0;
				MTL_ENABLE_DEBUG_INFO = YES;
				ONLY_ACTIVE_ARCH = YES;
				SDKROOT = iphoneos;
			};
			name = Debug;
		};
		965325181D90D2D900C31757 /* Release */ = {
			isa = XCBuildConfiguration;
			buildSettings = {
				ALWAYS_SEARCH_USER_PATHS = NO;
				CLANG_ANALYZER_NONNULL = YES;
				CLANG_CXX_LANGUAGE_STANDARD = "gnu++0x";
				CLANG_CXX_LIBRARY = "libc++";
				CLANG_ENABLE_MODULES = YES;
				CLANG_ENABLE_OBJC_ARC = YES;
				CLANG_WARN_BOOL_CONVERSION = YES;
				CLANG_WARN_CONSTANT_CONVERSION = YES;
				CLANG_WARN_DIRECT_OBJC_ISA_USAGE = YES_ERROR;
				CLANG_WARN_EMPTY_BODY = YES;
				CLANG_WARN_ENUM_CONVERSION = YES;
				CLANG_WARN_INFINITE_RECURSION = YES;
				CLANG_WARN_INT_CONVERSION = YES;
				CLANG_WARN_OBJC_ROOT_CLASS = YES_ERROR;
				CLANG_WARN_SUSPICIOUS_MOVE = YES;
				CLANG_WARN_UNREACHABLE_CODE = YES;
				CLANG_WARN__DUPLICATE_METHOD_MATCH = YES;
				"CODE_SIGN_IDENTITY[sdk=iphoneos*]" = "iPhone Developer";
				COPY_PHASE_STRIP = NO;
				DEBUG_INFORMATION_FORMAT = "dwarf-with-dsym";
				ENABLE_NS_ASSERTIONS = NO;
				ENABLE_STRICT_OBJC_MSGSEND = YES;
				GCC_C_LANGUAGE_STANDARD = gnu99;
				GCC_NO_COMMON_BLOCKS = YES;
				GCC_WARN_64_TO_32_BIT_CONVERSION = YES;
				GCC_WARN_ABOUT_RETURN_TYPE = YES_ERROR;
				GCC_WARN_UNDECLARED_SELECTOR = YES;
				GCC_WARN_UNINITIALIZED_AUTOS = YES_AGGRESSIVE;
				GCC_WARN_UNUSED_FUNCTION = YES;
				GCC_WARN_UNUSED_VARIABLE = YES;
				IPHONEOS_DEPLOYMENT_TARGET = 10.0;
				MTL_ENABLE_DEBUG_INFO = NO;
				SDKROOT = iphoneos;
				VALIDATE_PRODUCT = YES;
			};
			name = Release;
		};
		9653251A1D90D2D900C31757 /* Debug */ = {
			isa = XCBuildConfiguration;
			buildSettings = {
				ASSETCATALOG_COMPILER_APPICON_NAME = AppIcon;
				"CODE_SIGN_IDENTITY[sdk=iphoneos*]" = "iPhone Distribution";
				DEVELOPMENT_TEAM = 2D4G4343X5;
				INFOPLIST_FILE = TTTransationView/Info.plist;
				IPHONEOS_DEPLOYMENT_TARGET = 10.0;
				LD_RUNPATH_SEARCH_PATHS = "$(inherited) @executable_path/Frameworks";
				PRODUCT_BUNDLE_IDENTIFIER = com.tangtao.TTTransationView;
				PRODUCT_NAME = "$(TARGET_NAME)";
				PROVISIONING_PROFILE = "51a2d27e-07d8-4127-8e41-113e28ebb7ba";
				PROVISIONING_PROFILE_SPECIFIER = TTTransationViewDistribution;
			};
			name = Debug;
		};
		9653251B1D90D2D900C31757 /* Release */ = {
			isa = XCBuildConfiguration;
			buildSettings = {
				ASSETCATALOG_COMPILER_APPICON_NAME = AppIcon;
				"CODE_SIGN_IDENTITY[sdk=iphoneos*]" = "iPhone Distribution";
				DEVELOPMENT_TEAM = 2D4G4343X5;
				INFOPLIST_FILE = TTTransationView/Info.plist;
				IPHONEOS_DEPLOYMENT_TARGET = 10.0;
				LD_RUNPATH_SEARCH_PATHS = "$(inherited) @executable_path/Frameworks";
				PRODUCT_BUNDLE_IDENTIFIER = com.tangtao.TTTransationView;
				PRODUCT_NAME = "$(TARGET_NAME)";
				PROVISIONING_PROFILE = "51a2d27e-07d8-4127-8e41-113e28ebb7ba";
				PROVISIONING_PROFILE_SPECIFIER = TTTransationViewDistribution;
			};
			name = Release;
		};
/* End XCBuildConfiguration section */

/* Begin XCConfigurationList section */
		965324FD1D90D2D900C31757 /* Build configuration list for PBXProject "TTTransationView" */ = {
			isa = XCConfigurationList;
			buildConfigurations = (
				965325171D90D2D900C31757 /* Debug */,
				965325181D90D2D900C31757 /* Release */,
			);
			defaultConfigurationIsVisible = 0;
			defaultConfigurationName = Release;
		};
		965325191D90D2D900C31757 /* Build configuration list for PBXNativeTarget "TTTransationView" */ = {
			isa = XCConfigurationList;
			buildConfigurations = (
				9653251A1D90D2D900C31757 /* Debug */,
				9653251B1D90D2D900C31757 /* Release */,
			);
			defaultConfigurationIsVisible = 0;
			defaultConfigurationName = Release;
		};
/* End XCConfigurationList section */
	};
	rootObject = 965324FA1D90D2D900C31757 /* Project object */;
}
